<?xml version="1.0" encoding="utf-8"?>
<Project ToolsVersion="4.0" xmlns="http://schemas.microsoft.com/developer/msbuild/2003">
  <ItemGroup>
    <Filter Include="Source Files">
      <UniqueIdentifier>{4FC737F1-C7A5-4376-A066-2A32D752A2FF}</UniqueIdentifier>
      <Extensions>cpp;c;cc;cxx;c++;cppm;ixx;def;odl;idl;hpj;bat;asm;asmx</Extensions>
    </Filter>
    <Filter Include="Header Files">
      <UniqueIdentifier>{93995380-89BD-4b04-88EB-625FBE52EBFB}</UniqueIdentifier>
      <Extensions>h;hh;hpp;hxx;h++;hm;inl;inc;ipp;xsd</Extensions>
    </Filter>
    <Filter Include="Resource Files">
      <UniqueIdentifier>{67DA6AB6-F800-4c08-8B7A-83BB121AAD01}</UniqueIdentifier>
      <Extensions>rc;ico;cur;bmp;dlg;rc2;rct;bin;rgs;gif;jpg;jpeg;jpe;resx;tiff;tif;png;wav;mfcribbon-ms</Extensions>
    </Filter>
    <Filter Include="BMP">
      <UniqueIdentifier>{f6208d31-2aae-4922-87ad-6aa264d33f34}</UniqueIdentifier>
    </Filter>
    <Filter Include="MQDB">
      <UniqueIdentifier>{e213950e-91b2-4320-bc17-f4b9a0955f34}</UniqueIdentifier>
    </Filter>
    <Filter Include="PPM">
      <UniqueIdentifier>{990ba18f-bceb-4039-b30b-7509ed2be9bc}</UniqueIdentifier>
    </Filter>
    <Filter Include="GRAPH">
      <UniqueIdentifier>{82e00b07-ea2a-4716-945f-ab82a2cd2d21}</UniqueIdentifier>
    </Filter>
    <Filter Include="UTILS">
      <UniqueIdentifier>{303e7f83-7e52-42ef-a78a-235f2342fe29}</UniqueIdentifier>
    </Filter>
  </ItemGroup>
  <ItemGroup>
    <ClInclude Include="framework.h">
      <Filter>Header Files</Filter>
    </ClInclude>
    <ClInclude Include="pch.h">
      <Filter>Header Files</Filter>
    </ClInclude>
    <ClInclude Include="BMP\bmpUtils.h">
      <Filter>BMP</Filter>
    </ClInclude>
    <ClInclude Include="UTILS\helper_string.h">
      <Filter>UTILS</Filter>
    </ClInclude>
    <ClInclude Include="UTILS\helper_cuda.h">
      <Filter>UTILS</Filter>
    </ClInclude>
    <ClInclude Include="UTILS\common.h">
      <Filter>UTILS</Filter>
    </ClInclude>
    <ClInclude Include="UTILS\GPUhelper.h">
      <Filter>UTILS</Filter>
    </ClInclude>
    <ClInclude Include="BMP\ImageStuff.h">
      <Filter>BMP</Filter>
    </ClInclude>
    <ClInclude Include="MQDB\mqdb.h">
      <Filter>MQDB</Filter>
    </ClInclude>
    <ClInclude Include="GRAPH\Graph.h">
      <Filter>GRAPH</Filter>
    </ClInclude>
    <ClInclude Include="PPM\easyppm.h">
      <Filter>PPM</Filter>
    </ClInclude>
  </ItemGroup>
  <ItemGroup>
    <ClCompile Include="dllmain.cpp">
      <Filter>Source Files</Filter>
    </ClCompile>
    <ClCompile Include="pch.cpp">
      <Filter>Source Files</Filter>
    </ClCompile>
    <ClCompile Include="BMP\ImageStuff.cpp">
      <Filter>BMP</Filter>
    </ClCompile>
    <ClCompile Include="MQDB\mqdb.cpp">
      <Filter>MQDB</Filter>
    </ClCompile>
    <ClCompile Include="GRAPH\Graph.cpp">
      <Filter>GRAPH</Filter>
    </ClCompile>
    <ClCompile Include="PPM\easyppm.cpp">
      <Filter>PPM</Filter>
    </ClCompile>
  </ItemGroup>
</Project>